
Microsoft Visual Studio Solution File, Format Version 12.00
# Visual Studio Version 17
VisualStudioVersion = 17.9.34607.119
MinimumVisualStudioVersion = 10.0.40219.1
Project("{8BC9CEB8-8B4A-11D0-8D11-00A0C91BC942}") = "TicTacToe", "TicTacToe\TicTacToe.vcxproj", "{E7FAC2B2-CEA5-47EB-937D-B7C212990BB5}"
EndProject
Project("{2150E333-8FDC-42A3-9474-1A3956D46DE8}") = "Solution Items", "Solution Items", "{390B4754-4EFE-4B2F-8C05-CEB52512AA3C}"
	ProjectSection(SolutionItems) = preProject
		TextFile1.txt = TextFile1.txt
	EndProjectSection
EndProject
Global
	GlobalSection(SolutionConfigurationPlatforms) = preSolution
		Debug|x64 = Debug|x64
		Debug|x86 = Debug|x86
		Release|x64 = Release|x64
		Release|x86 = Release|x86
	EndGlobalSection
	GlobalSection(ProjectConfigurationPlatforms) = postSolution
		{E7FAC2B2-CEA5-47EB-937D-B7C212990BB5}.Debug|x64.ActiveCfg = Debug|x64
		{E7FAC2B2-CEA5-47EB-937D-B7C212990BB5}.Debug|x64.Build.0 = Debug|x64
		{E7FAC2B2-CEA5-47EB-937D-B7C212990BB5}.Debug|x86.ActiveCfg = Debug|Win32
		{E7FAC2B2-CEA5-47EB-937D-B7C212990BB5}.Debug|x86.Build.0 = Debug|Win32
		{E7FAC2B2-CEA5-47EB-937D-B7C212990BB5}.Release|x64.ActiveCfg = Release|x64
		{E7FAC2B2-CEA5-47EB-937D-B7C212990BB5}.Release|x64.Build.0 = Release|x64
		{E7FAC2B2-CEA5-47EB-937D-B7C212990BB5}.Release|x86.ActiveCfg = Release|Win32
		{E7FAC2B2-CEA5-47EB-937D-B7C212990BB5}.Release|x86.Build.0 = Release|Win32
	EndGlobalSection
	GlobalSection(SolutionProperties) = preSolution
		HideSolutionNode = FALSE
	EndGlobalSection
	GlobalSection(ExtensibilityGlobals) = postSolution
		SolutionGuid = {B5F93F85-BB9B-4149-8551-C4887E671581}
	EndGlobalSection
EndGlobal
